
Microsoft Visual Studio Solution File, Format Version 12.00
# Visual Studio 15
VisualStudioVersion = 15.0.28307.421
MinimumVisualStudioVersion = 10.0.40219.1
Project("{FAE04EC0-301F-11D3-BF4B-00C04F79EFBC}") = "EquazioniLibrary", "EquazioniLibrary\EquazioniLibrary.csproj", "{4F4B363C-9B45-4A17-BAE7-C0D7DDC707AA}"
EndProject
Project("{FAE04EC0-301F-11D3-BF4B-00C04F79EFBC}") = "EquazioniLibrary.Test", "EquazioniLibrary.Test\EquazioniLibrary.Test.csproj", "{1F3CB489-7278-4025-AF6B-A7FCAA9590F5}"
EndProject
Global
	GlobalSection(SolutionConfigurationPlatforms) = preSolution
		Debug|Any CPU = Debug|Any CPU
		Release|Any CPU = Release|Any CPU
	EndGlobalSection
	GlobalSection(ProjectConfigurationPlatforms) = postSolution
		{4F4B363C-9B45-4A17-BAE7-C0D7DDC707AA}.Debug|Any CPU.ActiveCfg = Debug|Any CPU
		{4F4B363C-9B45-4A17-BAE7-C0D7DDC707AA}.Debug|Any CPU.Build.0 = Debug|Any CPU
		{4F4B363C-9B45-4A17-BAE7-C0D7DDC707AA}.Release|Any CPU.ActiveCfg = Release|Any CPU
		{4F4B363C-9B45-4A17-BAE7-C0D7DDC707AA}.Release|Any CPU.Build.0 = Release|Any CPU
		{1F3CB489-7278-4025-AF6B-A7FCAA9590F5}.Debug|Any CPU.ActiveCfg = Debug|Any CPU
		{1F3CB489-7278-4025-AF6B-A7FCAA9590F5}.Debug|Any CPU.Build.0 = Debug|Any CPU
		{1F3CB489-7278-4025-AF6B-A7FCAA9590F5}.Release|Any CPU.ActiveCfg = Release|Any CPU
		{1F3CB489-7278-4025-AF6B-A7FCAA9590F5}.Release|Any CPU.Build.0 = Release|Any CPU
	EndGlobalSection
	GlobalSection(SolutionProperties) = preSolution
		HideSolutionNode = FALSE
	EndGlobalSection
	GlobalSection(ExtensibilityGlobals) = postSolution
		SolutionGuid = {4431CA34-5A3E-4F0F-B31B-5F80D71588E3}
	EndGlobalSection
EndGlobal
